// !$*UTF8*$!
{
	archiveVersion = 1;
	classes = {
	};
	objectVersion = 55;
	objects = {

/* Begin PBXBuildFile section */
		8CFDE14E283C12DC008E743C /* AppDelegate.swift in Sources */ = {isa = PBXBuildFile; fileRef = 8CFDE14D283C12DC008E743C /* AppDelegate.swift */; };
		8CFDE150283C12DC008E743C /* SceneDelegate.swift in Sources */ = {isa = PBXBuildFile; fileRef = 8CFDE14F283C12DC008E743C /* SceneDelegate.swift */; };
		8CFDE152283C12DC008E743C /* ViewController.swift in Sources */ = {isa = PBXBuildFile; fileRef = 8CFDE151283C12DC008E743C /* ViewController.swift */; };
		8CFDE155283C12DC008E743C /* Main.storyboard in Resources */ = {isa = PBXBuildFile; fileRef = 8CFDE153283C12DC008E743C /* Main.storyboard */; };
		8CFDE157283C12DD008E743C /* Assets.xcassets in Resources */ = {isa = PBXBuildFile; fileRef = 8CFDE156283C12DD008E743C /* Assets.xcassets */; };
		8CFDE15A283C12DD008E743C /* LaunchScreen.storyboard in Resources */ = {isa = PBXBuildFile; fileRef = 8CFDE158283C12DD008E743C /* LaunchScreen.storyboard */; };
		8CFDE165283C12DD008E743C /* TwitterSearchesTests.swift in Sources */ = {isa = PBXBuildFile; fileRef = 8CFDE164283C12DD008E743C /* TwitterSearchesTests.swift */; };
		8CFDE16F283C12DD008E743C /* TwitterSearchesUITests.swift in Sources */ = {isa = PBXBuildFile; fileRef = 8CFDE16E283C12DD008E743C /* TwitterSearchesUITests.swift */; };
		8CFDE171283C12DD008E743C /* TwitterSearchesUITestsLaunchTests.swift in Sources */ = {isa = PBXBuildFile; fileRef = 8CFDE170283C12DD008E743C /* TwitterSearchesUITestsLaunchTests.swift */; };
		8CFDE17E283C16F1008E743C /* SaveViewController.swift in Sources */ = {isa = PBXBuildFile; fileRef = 8CFDE17D283C16F1008E743C /* SaveViewController.swift */; };
		8CFDE180283C2056008E743C /* EditViewController.swift in Sources */ = {isa = PBXBuildFile; fileRef = 8CFDE17F283C2056008E743C /* EditViewController.swift */; };
		8CFDE182283C25EE008E743C /* EditSecondViewController.swift in Sources */ = {isa = PBXBuildFile; fileRef = 8CFDE181283C25EE008E743C /* EditSecondViewController.swift */; };
		8CFDE184283C4039008E743C /* Twitter.swift in Sources */ = {isa = PBXBuildFile; fileRef = 8CFDE183283C4039008E743C /* Twitter.swift */; };
/* End PBXBuildFile section */

/* Begin PBXContainerItemProxy section */
		8CFDE161283C12DD008E743C /* PBXContainerItemProxy */ = {
			isa = PBXContainerItemProxy;
			containerPortal = 8CFDE142283C12DC008E743C /* Project object */;
			proxyType = 1;
			remoteGlobalIDString = 8CFDE149283C12DC008E743C;
			remoteInfo = TwitterSearches;
		};
		8CFDE16B283C12DD008E743C /* PBXContainerItemProxy */ = {
			isa = PBXContainerItemProxy;
			containerPortal = 8CFDE142283C12DC008E743C /* Project object */;
			proxyType = 1;
			remoteGlobalIDString = 8CFDE149283C12DC008E743C;
			remoteInfo = TwitterSearches;
		};
/* End PBXContainerItemProxy section */

/* Begin PBXFileReference section */
		8CFDE14A283C12DC008E743C /* TwitterSearches.app */ = {isa = PBXFileReference; explicitFileType = wrapper.application; includeInIndex = 0; path = TwitterSearches.app; sourceTree = BUILT_PRODUCTS_DIR; };
		8CFDE14D283C12DC008E743C /* AppDelegate.swift */ = {isa = PBXFileReference; lastKnownFileType = sourcecode.swift; path = AppDelegate.swift; sourceTree = "<group>"; };
		8CFDE14F283C12DC008E743C /* SceneDelegate.swift */ = {isa = PBXFileReference; lastKnownFileType = sourcecode.swift; path = SceneDelegate.swift; sourceTree = "<group>"; };
		8CFDE151283C12DC008E743C /* ViewController.swift */ = {isa = PBXFileReference; lastKnownFileType = sourcecode.swift; path = ViewController.swift; sourceTree = "<group>"; };
		8CFDE154283C12DC008E743C /* Base */ = {isa = PBXFileReference; lastKnownFileType = file.storyboard; name = Base; path = Base.lproj/Main.storyboard; sourceTree = "<group>"; };
		8CFDE156283C12DD008E743C /* Assets.xcassets */ = {isa = PBXFileReference; lastKnownFileType = folder.assetcatalog; path = Assets.xcassets; sourceTree = "<group>"; };
		8CFDE159283C12DD008E743C /* Base */ = {isa = PBXFileReference; lastKnownFileType = file.storyboard; name = Base; path = Base.lproj/LaunchScreen.storyboard; sourceTree = "<group>"; };
		8CFDE15B283C12DD008E743C /* Info.plist */ = {isa = PBXFileReference; lastKnownFileType = text.plist.xml; path = Info.plist; sourceTree = "<group>"; };
		8CFDE160283C12DD008E743C /* TwitterSearchesTests.xctest */ = {isa = PBXFileReference; explicitFileType = wrapper.cfbundle; includeInIndex = 0; path = TwitterSearchesTests.xctest; sourceTree = BUILT_PRODUCTS_DIR; };
		8CFDE164283C12DD008E743C /* TwitterSearchesTests.swift */ = {isa = PBXFileReference; lastKnownFileType = sourcecode.swift; path = TwitterSearchesTests.swift; sourceTree = "<group>"; };
		8CFDE16A283C12DD008E743C /* TwitterSearchesUITests.xctest */ = {isa = PBXFileReference; explicitFileType = wrapper.cfbundle; includeInIndex = 0; path = TwitterSearchesUITests.xctest; sourceTree = BUILT_PRODUCTS_DIR; };
		8CFDE16E283C12DD008E743C /* TwitterSearchesUITests.swift */ = {isa = PBXFileReference; lastKnownFileType = sourcecode.swift; path = TwitterSearchesUITests.swift; sourceTree = "<group>"; };
		8CFDE170283C12DD008E743C /* TwitterSearchesUITestsLaunchTests.swift */ = {isa = PBXFileReference; lastKnownFileType = sourcecode.swift; path = TwitterSearchesUITestsLaunchTests.swift; sourceTree = "<group>"; };
		8CFDE17D283C16F1008E743C /* SaveViewController.swift */ = {isa = PBXFileReference; lastKnownFileType = sourcecode.swift; path = SaveViewController.swift; sourceTree = "<group>"; };
		8CFDE17F283C2056008E743C /* EditViewController.swift */ = {isa = PBXFileReference; lastKnownFileType = sourcecode.swift; path = EditViewController.swift; sourceTree = "<group>"; };
		8CFDE181283C25EE008E743C /* EditSecondViewController.swift */ = {isa = PBXFileReference; lastKnownFileType = sourcecode.swift; path = EditSecondViewController.swift; sourceTree = "<group>"; };
		8CFDE183283C4039008E743C /* Twitter.swift */ = {isa = PBXFileReference; lastKnownFileType = sourcecode.swift; path = Twitter.swift; sourceTree = "<group>"; };
/* End PBXFileReference section */

/* Begin PBXFrameworksBuildPhase section */
		8CFDE147283C12DC008E743C /* Frameworks */ = {
			isa = PBXFrameworksBuildPhase;
			buildActionMask = 2147483647;
			files = (
			);
			runOnlyForDeploymentPostprocessing = 0;
		};
		8CFDE15D283C12DD008E743C /* Frameworks */ = {
			isa = PBXFrameworksBuildPhase;
			buildActionMask = 2147483647;
			files = (
			);
			runOnlyForDeploymentPostprocessing = 0;
		};
		8CFDE167283C12DD008E743C /* Frameworks */ = {
			isa = PBXFrameworksBuildPhase;
			buildActionMask = 2147483647;
			files = (
			);
			runOnlyForDeploymentPostprocessing = 0;
		};
/* End PBXFrameworksBuildPhase section */

/* Begin PBXGroup section */
		8CFDE141283C12DC008E743C = {
			isa = PBXGroup;
			children = (
				8CFDE14C283C12DC008E743C /* TwitterSearches */,
				8CFDE163283C12DD008E743C /* TwitterSearchesTests */,
				8CFDE16D283C12DD008E743C /* TwitterSearchesUITests */,
				8CFDE14B283C12DC008E743C /* Products */,
			);
			sourceTree = "<group>";
		};
		8CFDE14B283C12DC008E743C /* Products */ = {
			isa = PBXGroup;
			children = (
				8CFDE14A283C12DC008E743C /* TwitterSearches.app */,
				8CFDE160283C12DD008E743C /* TwitterSearchesTests.xctest */,
				8CFDE16A283C12DD008E743C /* TwitterSearchesUITests.xctest */,
			);
			name = Products;
			sourceTree = "<group>";
		};
		8CFDE14C283C12DC008E743C /* TwitterSearches */ = {
			isa = PBXGroup;
			children = (
				8CFDE14D283C12DC008E743C /* AppDelegate.swift */,
				8CFDE14F283C12DC008E743C /* SceneDelegate.swift */,
				8CFDE151283C12DC008E743C /* ViewController.swift */,
				8CFDE17D283C16F1008E743C /* SaveViewController.swift */,
				8CFDE17F283C2056008E743C /* EditViewController.swift */,
				8CFDE181283C25EE008E743C /* EditSecondViewController.swift */,
				8CFDE183283C4039008E743C /* Twitter.swift */,
				8CFDE153283C12DC008E743C /* Main.storyboard */,
				8CFDE156283C12DD008E743C /* Assets.xcassets */,
				8CFDE158283C12DD008E743C /* LaunchScreen.storyboard */,
				8CFDE15B283C12DD008E743C /* Info.plist */,
			);
			path = TwitterSearches;
			sourceTree = "<group>";
		};
		8CFDE163283C12DD008E743C /* TwitterSearchesTests */ = {
			isa = PBXGroup;
			children = (
				8CFDE164283C12DD008E743C /* TwitterSearchesTests.swift */,
			);
			path = TwitterSearchesTests;
			sourceTree = "<group>";
		};
		8CFDE16D283C12DD008E743C /* TwitterSearchesUITests */ = {
			isa = PBXGroup;
			children = (
				8CFDE16E283C12DD008E743C /* TwitterSearchesUITests.swift */,
				8CFDE170283C12DD008E743C /* TwitterSearchesUITestsLaunchTests.swift */,
			);
			path = TwitterSearchesUITests;
			sourceTree = "<group>";
		};
/* End PBXGroup section */

/* Begin PBXNativeTarget section */
		8CFDE149283C12DC008E743C /* TwitterSearches */ = {
			isa = PBXNativeTarget;
			buildConfigurationList = 8CFDE174283C12DD008E743C /* Build configuration list for PBXNativeTarget "TwitterSearches" */;
			buildPhases = (
				8CFDE146283C12DC008E743C /* Sources */,
				8CFDE147283C12DC008E743C /* Frameworks */,
				8CFDE148283C12DC008E743C /* Resources */,
			);
			buildRules = (
			);
			dependencies = (
			);
			name = TwitterSearches;
			productName = TwitterSearches;
			productReference = 8CFDE14A283C12DC008E743C /* TwitterSearches.app */;
			productType = "com.apple.product-type.application";
		};
		8CFDE15F283C12DD008E743C /* TwitterSearchesTests */ = {
			isa = PBXNativeTarget;
			buildConfigurationList = 8CFDE177283C12DD008E743C /* Build configuration list for PBXNativeTarget "TwitterSearchesTests" */;
			buildPhases = (
				8CFDE15C283C12DD008E743C /* Sources */,
				8CFDE15D283C12DD008E743C /* Frameworks */,
				8CFDE15E283C12DD008E743C /* Resources */,
			);
			buildRules = (
			);
			dependencies = (
				8CFDE162283C12DD008E743C /* PBXTargetDependency */,
			);
			name = TwitterSearchesTests;
			productName = TwitterSearchesTests;
			productReference = 8CFDE160283C12DD008E743C /* TwitterSearchesTests.xctest */;
			productType = "com.apple.product-type.bundle.unit-test";
		};
		8CFDE169283C12DD008E743C /* TwitterSearchesUITests */ = {
			isa = PBXNativeTarget;
			buildConfigurationList = 8CFDE17A283C12DD008E743C /* Build configuration list for PBXNativeTarget "TwitterSearchesUITests" */;
			buildPhases = (
				8CFDE166283C12DD008E743C /* Sources */,
				8CFDE167283C12DD008E743C /* Frameworks */,
				8CFDE168283C12DD008E743C /* Resources */,
			);
			buildRules = (
			);
			dependencies = (
				8CFDE16C283C12DD008E743C /* PBXTargetDependency */,
			);
			name = TwitterSearchesUITests;
			productName = TwitterSearchesUITests;
			productReference = 8CFDE16A283C12DD008E743C /* TwitterSearchesUITests.xctest */;
			productType = "com.apple.product-type.bundle.ui-testing";
		};
/* End PBXNativeTarget section */

/* Begin PBXProject section */
		8CFDE142283C12DC008E743C /* Project object */ = {
			isa = PBXProject;
			attributes = {
				BuildIndependentTargetsInParallel = 1;
				LastSwiftUpdateCheck = 1340;
				LastUpgradeCheck = 1340;
				TargetAttributes = {
					8CFDE149283C12DC008E743C = {
						CreatedOnToolsVersion = 13.4;
					};
					8CFDE15F283C12DD008E743C = {
						CreatedOnToolsVersion = 13.4;
						TestTargetID = 8CFDE149283C12DC008E743C;
					};
					8CFDE169283C12DD008E743C = {
						CreatedOnToolsVersion = 13.4;
						TestTargetID = 8CFDE149283C12DC008E743C;
					};
				};
			};
			buildConfigurationList = 8CFDE145283C12DC008E743C /* Build configuration list for PBXProject "TwitterSearches" */;
			compatibilityVersion = "Xcode 13.0";
			developmentRegion = en;
			hasScannedForEncodings = 0;
			knownRegions = (
				en,
				Base,
			);
			mainGroup = 8CFDE141283C12DC008E743C;
			productRefGroup = 8CFDE14B283C12DC008E743C /* Products */;
			projectDirPath = "";
			projectRoot = "";
			targets = (
				8CFDE149283C12DC008E743C /* TwitterSearches */,
				8CFDE15F283C12DD008E743C /* TwitterSearchesTests */,
				8CFDE169283C12DD008E743C /* TwitterSearchesUITests */,
			);
		};
/* End PBXProject section */

/* Begin PBXResourcesBuildPhase section */
		8CFDE148283C12DC008E743C /* Resources */ = {
			isa = PBXResourcesBuildPhase;
			buildActionMask = 2147483647;
			files = (
				8CFDE15A283C12DD008E743C /* LaunchScreen.storyboard in Resources */,
				8CFDE157283C12DD008E743C /* Assets.xcassets in Resources */,
				8CFDE155283C12DC008E743C /* Main.storyboard in Resources */,
			);
			runOnlyForDeploymentPostprocessing = 0;
		};
		8CFDE15E283C12DD008E743C /* Resources */ = {
			isa = PBXResourcesBuildPhase;
			buildActionMask = 2147483647;
			files = (
			);
			runOnlyForDeploymentPostprocessing = 0;
		};
		8CFDE168283C12DD008E743C /* Resources */ = {
			isa = PBXResourcesBuildPhase;
			buildActionMask = 2147483647;
			files = (
			);
			runOnlyForDeploymentPostprocessing = 0;
		};
/* End PBXResourcesBuildPhase section */

/* Begin PBXSourcesBuildPhase section */
		8CFDE146283C12DC008E743C /* Sources */ = {
			isa = PBXSourcesBuildPhase;
			buildActionMask = 2147483647;
			files = (
				8CFDE180283C2056008E743C /* EditViewController.swift in Sources */,
				8CFDE184283C4039008E743C /* Twitter.swift in Sources */,
				8CFDE152283C12DC008E743C /* ViewController.swift in Sources */,
				8CFDE17E283C16F1008E743C /* SaveViewController.swift in Sources */,
				8CFDE14E283C12DC008E743C /* AppDelegate.swift in Sources */,
				8CFDE182283C25EE008E743C /* EditSecondViewController.swift in Sources */,
				8CFDE150283C12DC008E743C /* SceneDelegate.swift in Sources */,
			);
			runOnlyForDeploymentPostprocessing = 0;
		};
		8CFDE15C283C12DD008E743C /* Sources */ = {
			isa = PBXSourcesBuildPhase;
			buildActionMask = 2147483647;
			files = (
				8CFDE165283C12DD008E743C /* TwitterSearchesTests.swift in Sources */,
			);
			runOnlyForDeploymentPostprocessing = 0;
		};
		8CFDE166283C12DD008E743C /* Sources */ = {
			isa = PBXSourcesBuildPhase;
			buildActionMask = 2147483647;
			files = (
				8CFDE171283C12DD008E743C /* TwitterSearchesUITestsLaunchTests.swift in Sources */,
				8CFDE16F283C12DD008E743C /* TwitterSearchesUITests.swift in Sources */,
			);
			runOnlyForDeploymentPostprocessing = 0;
		};
/* End PBXSourcesBuildPhase section */

/* Begin PBXTargetDependency section */
		8CFDE162283C12DD008E743C /* PBXTargetDependency */ = {
			isa = PBXTargetDependency;
			target = 8CFDE149283C12DC008E743C /* TwitterSearches */;
			targetProxy = 8CFDE161283C12DD008E743C /* PBXContainerItemProxy */;
		};
		8CFDE16C283C12DD008E743C /* PBXTargetDependency */ = {
			isa = PBXTargetDependency;
			target = 8CFDE149283C12DC008E743C /* TwitterSearches */;
			targetProxy = 8CFDE16B283C12DD008E743C /* PBXContainerItemProxy */;
		};
/* End PBXTargetDependency section */

/* Begin PBXVariantGroup section */
		8CFDE153283C12DC008E743C /* Main.storyboard */ = {
			isa = PBXVariantGroup;
			children = (
				8CFDE154283C12DC008E743C /* Base */,
			);
			name = Main.storyboard;
			sourceTree = "<group>";
		};
		8CFDE158283C12DD008E743C /* LaunchScreen.storyboard */ = {
			isa = PBXVariantGroup;
			children = (
				8CFDE159283C12DD008E743C /* Base */,
			);
			name = LaunchScreen.storyboard;
			sourceTree = "<group>";
		};
/* End PBXVariantGroup section */

/* Begin XCBuildConfiguration section */
		8CFDE172283C12DD008E743C /* Debug */ = {
			isa = XCBuildConfiguration;
			buildSettings = {
				ALWAYS_SEARCH_USER_PATHS = NO;
				CLANG_ANALYZER_NONNULL = YES;
				CLANG_ANALYZER_NUMBER_OBJECT_CONVERSION = YES_AGGRESSIVE;
				CLANG_CXX_LANGUAGE_STANDARD = "gnu++17";
				CLANG_ENABLE_MODULES = YES;
				CLANG_ENABLE_OBJC_ARC = YES;
				CLANG_ENABLE_OBJC_WEAK = YES;
				CLANG_WARN_BLOCK_CAPTURE_AUTORELEASING = YES;
				CLANG_WARN_BOOL_CONVERSION = YES;
				CLANG_WARN_COMMA = YES;
				CLANG_WARN_CONSTANT_CONVERSION = YES;
				CLANG_WARN_DEPRECATED_OBJC_IMPLEMENTATIONS = YES;
				CLANG_WARN_DIRECT_OBJC_ISA_USAGE = YES_ERROR;
				CLANG_WARN_DOCUMENTATION_COMMENTS = YES;
				CLANG_WARN_EMPTY_BODY = YES;
				CLANG_WARN_ENUM_CONVERSION = YES;
				CLANG_WARN_INFINITE_RECURSION = YES;
				CLANG_WARN_INT_CONVERSION = YES;
				CLANG_WARN_NON_LITERAL_NULL_CONVERSION = YES;
				CLANG_WARN_OBJC_IMPLICIT_RETAIN_SELF = YES;
				CLANG_WARN_OBJC_LITERAL_CONVERSION = YES;
				CLANG_WARN_OBJC_ROOT_CLASS = YES_ERROR;
				CLANG_WARN_QUOTED_INCLUDE_IN_FRAMEWORK_HEADER = YES;
				CLANG_WARN_RANGE_LOOP_ANALYSIS = YES;
				CLANG_WARN_STRICT_PROTOTYPES = YES;
				CLANG_WARN_SUSPICIOUS_MOVE = YES;
				CLANG_WARN_UNGUARDED_AVAILABILITY = YES_AGGRESSIVE;
				CLANG_WARN_UNREACHABLE_CODE = YES;
				CLANG_WARN__DUPLICATE_METHOD_MATCH = YES;
				COPY_PHASE_STRIP = NO;
				DEBUG_INFORMATION_FORMAT = dwarf;
				ENABLE_STRICT_OBJC_MSGSEND = YES;
				ENABLE_TESTABILITY = YES;
				GCC_C_LANGUAGE_STANDARD = gnu11;
				GCC_DYNAMIC_NO_PIC = NO;
				GCC_NO_COMMON_BLOCKS = YES;
				GCC_OPTIMIZATION_LEVEL = 0;
				GCC_PREPROCESSOR_DEFINITIONS = (
					"DEBUG=1",
					"$(inherited)",
				);
				GCC_WARN_64_TO_32_BIT_CONVERSION = YES;
				GCC_WARN_ABOUT_RETURN_TYPE = YES_ERROR;
				GCC_WARN_UNDECLARED_SELECTOR = YES;
				GCC_WARN_UNINITIALIZED_AUTOS = YES_AGGRESSIVE;
				GCC_WARN_UNUSED_FUNCTION = YES;
				GCC_WARN_UNUSED_VARIABLE = YES;
				IPHONEOS_DEPLOYMENT_TARGET = 15.5;
				MTL_ENABLE_DEBUG_INFO = INCLUDE_SOURCE;
				MTL_FAST_MATH = YES;
				ONLY_ACTIVE_ARCH = YES;
				SDKROOT = iphoneos;
				SWIFT_ACTIVE_COMPILATION_CONDITIONS = DEBUG;
				SWIFT_OPTIMIZATION_LEVEL = "-Onone";
			};
			name = Debug;
		};
		8CFDE173283C12DD008E743C /* Release */ = {
			isa = XCBuildConfiguration;
			buildSettings = {
				ALWAYS_SEARCH_USER_PATHS = NO;
				CLANG_ANALYZER_NONNULL = YES;
				CLANG_ANALYZER_NUMBER_OBJECT_CONVERSION = YES_AGGRESSIVE;
				CLANG_CXX_LANGUAGE_STANDARD = "gnu++17";
				CLANG_ENABLE_MODULES = YES;
				CLANG_ENABLE_OBJC_ARC = YES;
				CLANG_ENABLE_OBJC_WEAK = YES;
				CLANG_WARN_BLOCK_CAPTURE_AUTORELEASING = YES;
				CLANG_WARN_BOOL_CONVERSION = YES;
				CLANG_WARN_COMMA = YES;
				CLANG_WARN_CONSTANT_CONVERSION = YES;
				CLANG_WARN_DEPRECATED_OBJC_IMPLEMENTATIONS = YES;
				CLANG_WARN_DIRECT_OBJC_ISA_USAGE = YES_ERROR;
				CLANG_WARN_DOCUMENTATION_COMMENTS = YES;
				CLANG_WARN_EMPTY_BODY = YES;
				CLANG_WARN_ENUM_CONVERSION = YES;
				CLANG_WARN_INFINITE_RECURSION = YES;
				CLANG_WARN_INT_CONVERSION = YES;
				CLANG_WARN_NON_LITERAL_NULL_CONVERSION = YES;
				CLANG_WARN_OBJC_IMPLICIT_RETAIN_SELF = YES;
				CLANG_WARN_OBJC_LITERAL_CONVERSION = YES;
				CLANG_WARN_OBJC_ROOT_CLASS = YES_ERROR;
				CLANG_WARN_QUOTED_INCLUDE_IN_FRAMEWORK_HEADER = YES;
				CLANG_WARN_RANGE_LOOP_ANALYSIS = YES;
				CLANG_WARN_STRICT_PROTOTYPES = YES;
				CLANG_WARN_SUSPICIOUS_MOVE = YES;
				CLANG_WARN_UNGUARDED_AVAILABILITY = YES_AGGRESSIVE;
				CLANG_WARN_UNREACHABLE_CODE = YES;
				CLANG_WARN__DUPLICATE_METHOD_MATCH = YES;
				COPY_PHASE_STRIP = NO;
				DEBUG_INFORMATION_FORMAT = "dwarf-with-dsym";
				ENABLE_NS_ASSERTIONS = NO;
				ENABLE_STRICT_OBJC_MSGSEND = YES;
				GCC_C_LANGUAGE_STANDARD = gnu11;
				GCC_NO_COMMON_BLOCKS = YES;
				GCC_WARN_64_TO_32_BIT_CONVERSION = YES;
				GCC_WARN_ABOUT_RETURN_TYPE = YES_ERROR;
				GCC_WARN_UNDECLARED_SELECTOR = YES;
				GCC_WARN_UNINITIALIZED_AUTOS = YES_AGGRESSIVE;
				GCC_WARN_UNUSED_FUNCTION = YES;
				GCC_WARN_UNUSED_VARIABLE = YES;
				IPHONEOS_DEPLOYMENT_TARGET = 15.5;
				MTL_ENABLE_DEBUG_INFO = NO;
				MTL_FAST_MATH = YES;
				SDKROOT = iphoneos;
				SWIFT_COMPILATION_MODE = wholemodule;
				SWIFT_OPTIMIZATION_LEVEL = "-O";
				VALIDATE_PRODUCT = YES;
			};
			name = Release;
		};
		8CFDE175283C12DD008E743C /* Debug */ = {
			isa = XCBuildConfiguration;
			buildSettings = {
				ASSETCATALOG_COMPILER_APPICON_NAME = AppIcon;
				ASSETCATALOG_COMPILER_GLOBAL_ACCENT_COLOR_NAME = AccentColor;
				CODE_SIGN_STYLE = Automatic;
				CURRENT_PROJECT_VERSION = 1;
				GENERATE_INFOPLIST_FILE = YES;
				INFOPLIST_FILE = TwitterSearches/Info.plist;
				INFOPLIST_KEY_UIApplicationSupportsIndirectInputEvents = YES;
				INFOPLIST_KEY_UILaunchStoryboardName = LaunchScreen;
				INFOPLIST_KEY_UIMainStoryboardFile = Main;
				INFOPLIST_KEY_UISupportedInterfaceOrientations_iPad = "UIInterfaceOrientationPortrait UIInterfaceOrientationPortraitUpsideDown UIInterfaceOrientationLandscapeLeft UIInterfaceOrientationLandscapeRight";
				INFOPLIST_KEY_UISupportedInterfaceOrientations_iPhone = "UIInterfaceOrientationPortrait UIInterfaceOrientationLandscapeLeft UIInterfaceOrientationLandscapeRight";
				LD_RUNPATH_SEARCH_PATHS = (
					"$(inherited)",
					"@executable_path/Frameworks",
				);
				MARKETING_VERSION = 1.0;
				PRODUCT_BUNDLE_IDENTIFIER = ucr.TwitterSearches;
				PRODUCT_NAME = "$(TARGET_NAME)";
				SWIFT_EMIT_LOC_STRINGS = YES;
				SWIFT_VERSION = 5.0;
				TARGETED_DEVICE_FAMILY = "1,2";
			};
			name = Debug;
		};
		8CFDE176283C12DD008E743C /* Release */ = {
			isa = XCBuildConfiguration;
			buildSettings = {
				ASSETCATALOG_COMPILER_APPICON_NAME = AppIcon;
				ASSETCATALOG_COMPILER_GLOBAL_ACCENT_COLOR_NAME = AccentColor;
				CODE_SIGN_STYLE = Automatic;
				CURRENT_PROJECT_VERSION = 1;
				GENERATE_INFOPLIST_FILE = YES;
				INFOPLIST_FILE = TwitterSearches/Info.plist;
				INFOPLIST_KEY_UIApplicationSupportsIndirectInputEvents = YES;
				INFOPLIST_KEY_UILaunchStoryboardName = LaunchScreen;
				INFOPLIST_KEY_UIMainStoryboardFile = Main;
				INFOPLIST_KEY_UISupportedInterfaceOrientations_iPad = "UIInterfaceOrientationPortrait UIInterfaceOrientationPortraitUpsideDown UIInterfaceOrientationLandscapeLeft UIInterfaceOrientationLandscapeRight";
				INFOPLIST_KEY_UISupportedInterfaceOrientations_iPhone = "UIInterfaceOrientationPortrait UIInterfaceOrientationLandscapeLeft UIInterfaceOrientationLandscapeRight";
				LD_RUNPATH_SEARCH_PATHS = (
					"$(inherited)",
					"@executable_path/Frameworks",
				);
				MARKETING_VERSION = 1.0;
				PRODUCT_BUNDLE_IDENTIFIER = ucr.TwitterSearches;
				PRODUCT_NAME = "$(TARGET_NAME)";
				SWIFT_EMIT_LOC_STRINGS = YES;
				SWIFT_VERSION = 5.0;
				TARGETED_DEVICE_FAMILY = "1,2";
			};
			name = Release;
		};
		8CFDE178283C12DD008E743C /* Debug */ = {
			isa = XCBuildConfiguration;
			buildSettings = {
				ALWAYS_EMBED_SWIFT_STANDARD_LIBRARIES = YES;
				BUNDLE_LOADER = "$(TEST_HOST)";
				CODE_SIGN_STYLE = Automatic;
				CURRENT_PROJECT_VERSION = 1;
				GENERATE_INFOPLIST_FILE = YES;
				IPHONEOS_DEPLOYMENT_TARGET = 15.5;
				MARKETING_VERSION = 1.0;
				PRODUCT_BUNDLE_IDENTIFIER = ucr.TwitterSearchesTests;
				PRODUCT_NAME = "$(TARGET_NAME)";
				SWIFT_EMIT_LOC_STRINGS = NO;
				SWIFT_VERSION = 5.0;
				TARGETED_DEVICE_FAMILY = "1,2";
				TEST_HOST = "$(BUILT_PRODUCTS_DIR)/TwitterSearches.app/TwitterSearches";
			};
			name = Debug;
		};
		8CFDE179283C12DD008E743C /* Release */ = {
			isa = XCBuildConfiguration;
			buildSettings = {
				ALWAYS_EMBED_SWIFT_STANDARD_LIBRARIES = YES;
				BUNDLE_LOADER = "$(TEST_HOST)";
				CODE_SIGN_STYLE = Automatic;
				CURRENT_PROJECT_VERSION = 1;
				GENERATE_INFOPLIST_FILE = YES;
				IPHONEOS_DEPLOYMENT_TARGET = 15.5;
				MARKETING_VERSION = 1.0;
				PRODUCT_BUNDLE_IDENTIFIER = ucr.TwitterSearchesTests;
				PRODUCT_NAME = "$(TARGET_NAME)";
				SWIFT_EMIT_LOC_STRINGS = NO;
				SWIFT_VERSION = 5.0;
				TARGETED_DEVICE_FAMILY = "1,2";
				TEST_HOST = "$(BUILT_PRODUCTS_DIR)/TwitterSearches.app/TwitterSearches";
			};
			name = Release;
		};
		8CFDE17B283C12DD008E743C /* Debug */ = {
			isa = XCBuildConfiguration;
			buildSettings = {
				ALWAYS_EMBED_SWIFT_STANDARD_LIBRARIES = YES;
				CODE_SIGN_STYLE = Automatic;
				CURRENT_PROJECT_VERSION = 1;
				GENERATE_INFOPLIST_FILE = YES;
				MARKETING_VERSION = 1.0;
				PRODUCT_BUNDLE_IDENTIFIER = ucr.TwitterSearchesUITests;
				PRODUCT_NAME = "$(TARGET_NAME)";
				SWIFT_EMIT_LOC_STRINGS = NO;
				SWIFT_VERSION = 5.0;
				TARGETED_DEVICE_FAMILY = "1,2";
				TEST_TARGET_NAME = TwitterSearches;
			};
			name = Debug;
		};
		8CFDE17C283C12DD008E743C /* Release */ = {
			isa = XCBuildConfiguration;
			buildSettings = {
				ALWAYS_EMBED_SWIFT_STANDARD_LIBRARIES = YES;
				CODE_SIGN_STYLE = Automatic;
				CURRENT_PROJECT_VERSION = 1;
				GENERATE_INFOPLIST_FILE = YES;
				MARKETING_VERSION = 1.0;
				PRODUCT_BUNDLE_IDENTIFIER = ucr.TwitterSearchesUITests;
				PRODUCT_NAME = "$(TARGET_NAME)";
				SWIFT_EMIT_LOC_STRINGS = NO;
				SWIFT_VERSION = 5.0;
				TARGETED_DEVICE_FAMILY = "1,2";
				TEST_TARGET_NAME = TwitterSearches;
			};
			name = Release;
		};
/* End XCBuildConfiguration section */

/* Begin XCConfigurationList section */
		8CFDE145283C12DC008E743C /* Build configuration list for PBXProject "TwitterSearches" */ = {
			isa = XCConfigurationList;
			buildConfigurations = (
				8CFDE172283C12DD008E743C /* Debug */,
				8CFDE173283C12DD008E743C /* Release */,
			);
			defaultConfigurationIsVisible = 0;
			defaultConfigurationName = Release;
		};
		8CFDE174283C12DD008E743C /* Build configuration list for PBXNativeTarget "TwitterSearches" */ = {
			isa = XCConfigurationList;
			buildConfigurations = (
				8CFDE175283C12DD008E743C /* Debug */,
				8CFDE176283C12DD008E743C /* Release */,
			);
			defaultConfigurationIsVisible = 0;
			defaultConfigurationName = Release;
		};
		8CFDE177283C12DD008E743C /* Build configuration list for PBXNativeTarget "TwitterSearchesTests" */ = {
			isa = XCConfigurationList;
			buildConfigurations = (
				8CFDE178283C12DD008E743C /* Debug */,
				8CFDE179283C12DD008E743C /* Release */,
			);
			defaultConfigurationIsVisible = 0;
			defaultConfigurationName = Release;
		};
		8CFDE17A283C12DD008E743C /* Build configuration list for PBXNativeTarget "TwitterSearchesUITests" */ = {
			isa = XCConfigurationList;
			buildConfigurations = (
				8CFDE17B283C12DD008E743C /* Debug */,
				8CFDE17C283C12DD008E743C /* Release */,
			);
			defaultConfigurationIsVisible = 0;
			defaultConfigurationName = Release;
		};
/* End XCConfigurationList section */
	};
	rootObject = 8CFDE142283C12DC008E743C /* Project object */;
}
